
Microsoft Visual Studio Solution File, Format Version 12.00
# Visual Studio Version 16
VisualStudioVersion = 16.0.31729.503
MinimumVisualStudioVersion = 10.0.40219.1
Project("{8BC9CEB8-8B4A-11D0-8D11-00A0C91BC942}") = "ProiectITSchoolBank", "ProiectITSchoolBank\ProiectITSchoolBank.vcxproj", "{75F77A49-8FFF-4D38-8482-9FFAE414619C}"
EndProject
Global
	GlobalSection(SolutionConfigurationPlatforms) = preSolution
		Debug|x64 = Debug|x64
		Debug|x86 = Debug|x86
		Release|x64 = Release|x64
		Release|x86 = Release|x86
	EndGlobalSection
	GlobalSection(ProjectConfigurationPlatforms) = postSolution
		{75F77A49-8FFF-4D38-8482-9FFAE414619C}.Debug|x64.ActiveCfg = Debug|x64
		{75F77A49-8FFF-4D38-8482-9FFAE414619C}.Debug|x64.Build.0 = Debug|x64
		{75F77A49-8FFF-4D38-8482-9FFAE414619C}.Debug|x86.ActiveCfg = Debug|Win32
		{75F77A49-8FFF-4D38-8482-9FFAE414619C}.Debug|x86.Build.0 = Debug|Win32
		{75F77A49-8FFF-4D38-8482-9FFAE414619C}.Release|x64.ActiveCfg = Release|x64
		{75F77A49-8FFF-4D38-8482-9FFAE414619C}.Release|x64.Build.0 = Release|x64
		{75F77A49-8FFF-4D38-8482-9FFAE414619C}.Release|x86.ActiveCfg = Release|Win32
		{75F77A49-8FFF-4D38-8482-9FFAE414619C}.Release|x86.Build.0 = Release|Win32
	EndGlobalSection
	GlobalSection(SolutionProperties) = preSolution
		HideSolutionNode = FALSE
	EndGlobalSection
	GlobalSection(ExtensibilityGlobals) = postSolution
		SolutionGuid = {DD82661E-23B9-440A-8FBB-DA12A7917D4D}
	EndGlobalSection
EndGlobal
